
Microsoft Visual Studio Solution File, Format Version 12.00
# Visual Studio 2012
Project("{FAE04EC0-301F-11D3-BF4B-00C04F79EFBC}") = "Vk_Music_Player", "Vk_Music_Player.csproj", "{6BC05FF7-DEA0-47A7-8157-4CF88868616A}"
EndProject
Global
	GlobalSection(SolutionConfigurationPlatforms) = preSolution
		Debug|Any CPU = Debug|Any CPU
		Release|Any CPU = Release|Any CPU
	EndGlobalSection
	GlobalSection(ProjectConfigurationPlatforms) = postSolution
		{6BC05FF7-DEA0-47A7-8157-4CF88868616A}.Debug|Any CPU.ActiveCfg = Debug|Any CPU
		{6BC05FF7-DEA0-47A7-8157-4CF88868616A}.Debug|Any CPU.Build.0 = Debug|Any CPU
		{6BC05FF7-DEA0-47A7-8157-4CF88868616A}.Release|Any CPU.ActiveCfg = Release|Any CPU
		{6BC05FF7-DEA0-47A7-8157-4CF88868616A}.Release|Any CPU.Build.0 = Release|Any CPU
	EndGlobalSection
	GlobalSection(SolutionProperties) = preSolution
		HideSolutionNode = FALSE
	EndGlobalSection
EndGlobal
